// !$*UTF8*$!
{
	archiveVersion = 1;
	classes = {
	};
	objectVersion = 48;
	objects = {

/* Begin PBXBuildFile section */
		FE82AC3F2901354900283257 /* AppDelegate.m in Sources */ = {isa = PBXBuildFile; fileRef = FE82AC3E2901354900283257 /* AppDelegate.m */; };
		FE82AC422901354900283257 /* ViewController.m in Sources */ = {isa = PBXBuildFile; fileRef = FE82AC412901354900283257 /* ViewController.m */; };
		FE82AC452901354900283257 /* Main.storyboard in Resources */ = {isa = PBXBuildFile; fileRef = FE82AC432901354900283257 /* Main.storyboard */; };
		FE82AC472901354900283257 /* Assets.xcassets in Resources */ = {isa = PBXBuildFile; fileRef = FE82AC462901354900283257 /* Assets.xcassets */; };
		FE82AC4A2901354900283257 /* LaunchScreen.storyboard in Resources */ = {isa = PBXBuildFile; fileRef = FE82AC482901354900283257 /* LaunchScreen.storyboard */; };
		FE82AC4D2901354900283257 /* main.m in Sources */ = {isa = PBXBuildFile; fileRef = FE82AC4C2901354900283257 /* main.m */; };
/* End PBXBuildFile section */

/* Begin PBXFileReference section */
		FE82AC3A2901354800283257 /* 我的项目.app */ = {isa = PBXFileReference; explicitFileType = wrapper.application; includeInIndex = 0; path = "我的项目.app"; sourceTree = BUILT_PRODUCTS_DIR; };
		FE82AC3D2901354900283257 /* AppDelegate.h */ = {isa = PBXFileReference; lastKnownFileType = sourcecode.c.h; path = AppDelegate.h; sourceTree = "<group>"; };
		FE82AC3E2901354900283257 /* AppDelegate.m */ = {isa = PBXFileReference; lastKnownFileType = sourcecode.c.objc; path = AppDelegate.m; sourceTree = "<group>"; };
		FE82AC402901354900283257 /* ViewController.h */ = {isa = PBXFileReference; lastKnownFileType = sourcecode.c.h; path = ViewController.h; sourceTree = "<group>"; };
		FE82AC412901354900283257 /* ViewController.m */ = {isa = PBXFileReference; lastKnownFileType = sourcecode.c.objc; path = ViewController.m; sourceTree = "<group>"; };
		FE82AC442901354900283257 /* Base */ = {isa = PBXFileReference; lastKnownFileType = file.storyboard; name = Base; path = Base.lproj/Main.storyboard; sourceTree = "<group>"; };
		FE82AC462901354900283257 /* Assets.xcassets */ = {isa = PBXFileReference; lastKnownFileType = folder.assetcatalog; path = Assets.xcassets; sourceTree = "<group>"; };
		FE82AC492901354900283257 /* Base */ = {isa = PBXFileReference; lastKnownFileType = file.storyboard; name = Base; path = Base.lproj/LaunchScreen.storyboard; sourceTree = "<group>"; };
		FE82AC4B2901354900283257 /* Info.plist */ = {isa = PBXFileReference; lastKnownFileType = text.plist.xml; path = Info.plist; sourceTree = "<group>"; };
		FE82AC4C2901354900283257 /* main.m */ = {isa = PBXFileReference; lastKnownFileType = sourcecode.c.objc; path = main.m; sourceTree = "<group>"; };
/* End PBXFileReference section */

/* Begin PBXFrameworksBuildPhase section */
		FE82AC372901354800283257 /* Frameworks */ = {
			isa = PBXFrameworksBuildPhase;
			buildActionMask = 2147483647;
			files = (
			);
			runOnlyForDeploymentPostprocessing = 0;
		};
/* End PBXFrameworksBuildPhase section */

/* Begin PBXGroup section */
		FE82AC312901354800283257 = {
			isa = PBXGroup;
			children = (
				FE82AC3C2901354800283257 /* 我的项目 */,
				FE82AC3B2901354800283257 /* Products */,
			);
			sourceTree = "<group>";
		};
		FE82AC3B2901354800283257 /* Products */ = {
			isa = PBXGroup;
			children = (
				FE82AC3A2901354800283257 /* 我的项目.app */,
			);
			name = Products;
			sourceTree = "<group>";
		};
		FE82AC3C2901354800283257 /* 我的项目 */ = {
			isa = PBXGroup;
			children = (
				FE82AC532901357000283257 /* 我的框架 */,
				FE82AC3D2901354900283257 /* AppDelegate.h */,
				FE82AC3E2901354900283257 /* AppDelegate.m */,
				FE82AC402901354900283257 /* ViewController.h */,
				FE82AC412901354900283257 /* ViewController.m */,
				FE82AC432901354900283257 /* Main.storyboard */,
				FE82AC462901354900283257 /* Assets.xcassets */,
				FE82AC482901354900283257 /* LaunchScreen.storyboard */,
				FE82AC4B2901354900283257 /* Info.plist */,
				FE82AC4C2901354900283257 /* main.m */,
			);
			path = "我的项目";
			sourceTree = "<group>";
		};
		FE82AC532901357000283257 /* 我的框架 */ = {
			isa = PBXGroup;
			children = (
			);
			path = "我的框架";
			sourceTree = SOURCE_ROOT;
		};
/* End PBXGroup section */

/* Begin PBXNativeTarget section */
		FE82AC392901354800283257 /* 我的项目 */ = {
			isa = PBXNativeTarget;
			buildConfigurationList = FE82AC502901354900283257 /* Build configuration list for PBXNativeTarget "我的项目" */;
			buildPhases = (
				FE82AC362901354800283257 /* Sources */,
				FE82AC372901354800283257 /* Frameworks */,
				FE82AC382901354800283257 /* Resources */,
			);
			buildRules = (
			);
			dependencies = (
			);
			name = "我的项目";
			productName = "我的项目";
			productReference = FE82AC3A2901354800283257 /* 我的项目.app */;
			productType = "com.apple.product-type.application";
		};
/* End PBXNativeTarget section */

/* Begin PBXProject section */
		FE82AC322901354800283257 /* Project object */ = {
			isa = PBXProject;
			attributes = {
				LastUpgradeCheck = 0920;
				ORGANIZATIONNAME = itheima;
				TargetAttributes = {
					FE82AC392901354800283257 = {
						CreatedOnToolsVersion = 9.2;
						ProvisioningStyle = Automatic;
					};
				};
			};
			buildConfigurationList = FE82AC352901354800283257 /* Build configuration list for PBXProject "我的项目" */;
			compatibilityVersion = "Xcode 8.0";
			developmentRegion = en;
			hasScannedForEncodings = 0;
			knownRegions = (
				en,
				Base,
			);
			mainGroup = FE82AC312901354800283257;
			productRefGroup = FE82AC3B2901354800283257 /* Products */;
			projectDirPath = "";
			projectRoot = "";
			targets = (
				FE82AC392901354800283257 /* 我的项目 */,
			);
		};
/* End PBXProject section */

/* Begin PBXResourcesBuildPhase section */
		FE82AC382901354800283257 /* Resources */ = {
			isa = PBXResourcesBuildPhase;
			buildActionMask = 2147483647;
			files = (
				FE82AC4A2901354900283257 /* LaunchScreen.storyboard in Resources */,
				FE82AC472901354900283257 /* Assets.xcassets in Resources */,
				FE82AC452901354900283257 /* Main.storyboard in Resources */,
			);
			runOnlyForDeploymentPostprocessing = 0;
		};
/* End PBXResourcesBuildPhase section */

/* Begin PBXSourcesBuildPhase section */
		FE82AC362901354800283257 /* Sources */ = {
			isa = PBXSourcesBuildPhase;
			buildActionMask = 2147483647;
			files = (
				FE82AC422901354900283257 /* ViewController.m in Sources */,
				FE82AC4D2901354900283257 /* main.m in Sources */,
				FE82AC3F2901354900283257 /* AppDelegate.m in Sources */,
			);
			runOnlyForDeploymentPostprocessing = 0;
		};
/* End PBXSourcesBuildPhase section */

/* Begin PBXVariantGroup section */
		FE82AC432901354900283257 /* Main.storyboard */ = {
			isa = PBXVariantGroup;
			children = (
				FE82AC442901354900283257 /* Base */,
			);
			name = Main.storyboard;
			sourceTree = "<group>";
		};
		FE82AC482901354900283257 /* LaunchScreen.storyboard */ = {
			isa = PBXVariantGroup;
			children = (
				FE82AC492901354900283257 /* Base */,
			);
			name = LaunchScreen.storyboard;
			sourceTree = "<group>";
		};
/* End PBXVariantGroup section */

/* Begin XCBuildConfiguration section */
		FE82AC4E2901354900283257 /* Debug */ = {
			isa = XCBuildConfiguration;
			buildSettings = {
				ALWAYS_SEARCH_USER_PATHS = NO;
				CLANG_ANALYZER_NONNULL = YES;
				CLANG_ANALYZER_NUMBER_OBJECT_CONVERSION = YES_AGGRESSIVE;
				CLANG_CXX_LANGUAGE_STANDARD = "gnu++14";
				CLANG_CXX_LIBRARY = "libc++";
				CLANG_ENABLE_MODULES = YES;
				CLANG_ENABLE_OBJC_ARC = YES;
				CLANG_WARN_BLOCK_CAPTURE_AUTORELEASING = YES;
				CLANG_WARN_BOOL_CONVERSION = YES;
				CLANG_WARN_COMMA = YES;
				CLANG_WARN_CONSTANT_CONVERSION = YES;
				CLANG_WARN_DIRECT_OBJC_ISA_USAGE = YES_ERROR;
				CLANG_WARN_DOCUMENTATION_COMMENTS = YES;
				CLANG_WARN_EMPTY_BODY = YES;
				CLANG_WARN_ENUM_CONVERSION = YES;
				CLANG_WARN_INFINITE_RECURSION = YES;
				CLANG_WARN_INT_CONVERSION = YES;
				CLANG_WARN_NON_LITERAL_NULL_CONVERSION = YES;
				CLANG_WARN_OBJC_LITERAL_CONVERSION = YES;
				CLANG_WARN_OBJC_ROOT_CLASS = YES_ERROR;
				CLANG_WARN_RANGE_LOOP_ANALYSIS = YES;
				CLANG_WARN_STRICT_PROTOTYPES = YES;
				CLANG_WARN_SUSPICIOUS_MOVE = YES;
				CLANG_WARN_UNGUARDED_AVAILABILITY = YES_AGGRESSIVE;
				CLANG_WARN_UNREACHABLE_CODE = YES;
				CLANG_WARN__DUPLICATE_METHOD_MATCH = YES;
				CODE_SIGN_IDENTITY = "iPhone Developer";
				COPY_PHASE_STRIP = NO;
				DEBUG_INFORMATION_FORMAT = dwarf;
				ENABLE_STRICT_OBJC_MSGSEND = YES;
				ENABLE_TESTABILITY = YES;
				GCC_C_LANGUAGE_STANDARD = gnu11;
				GCC_DYNAMIC_NO_PIC = NO;
				GCC_NO_COMMON_BLOCKS = YES;
				GCC_OPTIMIZATION_LEVEL = 0;
				GCC_PREPROCESSOR_DEFINITIONS = (
					"DEBUG=1",
					"$(inherited)",
				);
				GCC_WARN_64_TO_32_BIT_CONVERSION = YES;
				GCC_WARN_ABOUT_RETURN_TYPE = YES_ERROR;
				GCC_WARN_UNDECLARED_SELECTOR = YES;
				GCC_WARN_UNINITIALIZED_AUTOS = YES_AGGRESSIVE;
				GCC_WARN_UNUSED_FUNCTION = YES;
				GCC_WARN_UNUSED_VARIABLE = YES;
				IPHONEOS_DEPLOYMENT_TARGET = 11.2;
				MTL_ENABLE_DEBUG_INFO = YES;
				ONLY_ACTIVE_ARCH = YES;
				SDKROOT = iphoneos;
			};
			name = Debug;
		};
		FE82AC4F2901354900283257 /* Release */ = {
			isa = XCBuildConfiguration;
			buildSettings = {
				ALWAYS_SEARCH_USER_PATHS = NO;
				CLANG_ANALYZER_NONNULL = YES;
				CLANG_ANALYZER_NUMBER_OBJECT_CONVERSION = YES_AGGRESSIVE;
				CLANG_CXX_LANGUAGE_STANDARD = "gnu++14";
				CLANG_CXX_LIBRARY = "libc++";
				CLANG_ENABLE_MODULES = YES;
				CLANG_ENABLE_OBJC_ARC = YES;
				CLANG_WARN_BLOCK_CAPTURE_AUTORELEASING = YES;
				CLANG_WARN_BOOL_CONVERSION = YES;
				CLANG_WARN_COMMA = YES;
				CLANG_WARN_CONSTANT_CONVERSION = YES;
				CLANG_WARN_DIRECT_OBJC_ISA_USAGE = YES_ERROR;
				CLANG_WARN_DOCUMENTATION_COMMENTS = YES;
				CLANG_WARN_EMPTY_BODY = YES;
				CLANG_WARN_ENUM_CONVERSION = YES;
				CLANG_WARN_INFINITE_RECURSION = YES;
				CLANG_WARN_INT_CONVERSION = YES;
				CLANG_WARN_NON_LITERAL_NULL_CONVERSION = YES;
				CLANG_WARN_OBJC_LITERAL_CONVERSION = YES;
				CLANG_WARN_OBJC_ROOT_CLASS = YES_ERROR;
				CLANG_WARN_RANGE_LOOP_ANALYSIS = YES;
				CLANG_WARN_STRICT_PROTOTYPES = YES;
				CLANG_WARN_SUSPICIOUS_MOVE = YES;
				CLANG_WARN_UNGUARDED_AVAILABILITY = YES_AGGRESSIVE;
				CLANG_WARN_UNREACHABLE_CODE = YES;
				CLANG_WARN__DUPLICATE_METHOD_MATCH = YES;
				CODE_SIGN_IDENTITY = "iPhone Developer";
				COPY_PHASE_STRIP = NO;
				DEBUG_INFORMATION_FORMAT = "dwarf-with-dsym";
				ENABLE_NS_ASSERTIONS = NO;
				ENABLE_STRICT_OBJC_MSGSEND = YES;
				GCC_C_LANGUAGE_STANDARD = gnu11;
				GCC_NO_COMMON_BLOCKS = YES;
				GCC_WARN_64_TO_32_BIT_CONVERSION = YES;
				GCC_WARN_ABOUT_RETURN_TYPE = YES_ERROR;
				GCC_WARN_UNDECLARED_SELECTOR = YES;
				GCC_WARN_UNINITIALIZED_AUTOS = YES_AGGRESSIVE;
				GCC_WARN_UNUSED_FUNCTION = YES;
				GCC_WARN_UNUSED_VARIABLE = YES;
				IPHONEOS_DEPLOYMENT_TARGET = 11.2;
				MTL_ENABLE_DEBUG_INFO = NO;
				SDKROOT = iphoneos;
				VALIDATE_PRODUCT = YES;
			};
			name = Release;
		};
		FE82AC512901354900283257 /* Debug */ = {
			isa = XCBuildConfiguration;
			buildSettings = {
				ASSETCATALOG_COMPILER_APPICON_NAME = AppIcon;
				CODE_SIGN_STYLE = Automatic;
				DEVELOPMENT_TEAM = G42WYR6RSA;
				INFOPLIST_FILE = "我的项目/Info.plist";
				LD_RUNPATH_SEARCH_PATHS = "$(inherited) @executable_path/Frameworks";
				PRODUCT_BUNDLE_IDENTIFIER = "com.itheima.----";
				PRODUCT_NAME = "$(TARGET_NAME)";
				TARGETED_DEVICE_FAMILY = "1,2";
			};
			name = Debug;
		};
		FE82AC522901354900283257 /* Release */ = {
			isa = XCBuildConfiguration;
			buildSettings = {
				ASSETCATALOG_COMPILER_APPICON_NAME = AppIcon;
				CODE_SIGN_STYLE = Automatic;
				DEVELOPMENT_TEAM = G42WYR6RSA;
				INFOPLIST_FILE = "我的项目/Info.plist";
				LD_RUNPATH_SEARCH_PATHS = "$(inherited) @executable_path/Frameworks";
				PRODUCT_BUNDLE_IDENTIFIER = "com.itheima.----";
				PRODUCT_NAME = "$(TARGET_NAME)";
				TARGETED_DEVICE_FAMILY = "1,2";
			};
			name = Release;
		};
/* End XCBuildConfiguration section */

/* Begin XCConfigurationList section */
		FE82AC352901354800283257 /* Build configuration list for PBXProject "我的项目" */ = {
			isa = XCConfigurationList;
			buildConfigurations = (
				FE82AC4E2901354900283257 /* Debug */,
				FE82AC4F2901354900283257 /* Release */,
			);
			defaultConfigurationIsVisible = 0;
			defaultConfigurationName = Release;
		};
		FE82AC502901354900283257 /* Build configuration list for PBXNativeTarget "我的项目" */ = {
			isa = XCConfigurationList;
			buildConfigurations = (
				FE82AC512901354900283257 /* Debug */,
				FE82AC522901354900283257 /* Release */,
			);
			defaultConfigurationIsVisible = 0;
			defaultConfigurationName = Release;
		};
/* End XCConfigurationList section */
	};
	rootObject = FE82AC322901354800283257 /* Project object */;
}
